// !$*UTF8*$!
{
	archiveVersion = 1;
	classes = {
	};
	objectVersion = 55;
	objects = {

/* Begin PBXBuildFile section */
		3CE620FB28F9B03400EE51C4 /* BadgeOrderInfo.swift in Sources */ = {isa = PBXBuildFile; fileRef = 3CE620FA28F9B03400EE51C4 /* BadgeOrderInfo.swift */; };
		3CE620FD28F9BEF700EE51C4 /* HoleType.swift in Sources */ = {isa = PBXBuildFile; fileRef = 3CE620FC28F9BEF700EE51C4 /* HoleType.swift */; };
		9F5ED0FB27C24086002404E2 /* ResultViewController.swift in Sources */ = {isa = PBXBuildFile; fileRef = 9F5ED0FA27C24086002404E2 /* ResultViewController.swift */; };
		9F5ED10527C26D9D002404E2 /* ResponseType.swift in Sources */ = {isa = PBXBuildFile; fileRef = 9F5ED10427C26D9D002404E2 /* ResponseType.swift */; };
		9F5ED10727C26DFE002404E2 /* Answer.swift in Sources */ = {isa = PBXBuildFile; fileRef = 9F5ED10627C26DFE002404E2 /* Answer.swift */; };
		9F5ED10927C26E72002404E2 /* Question.swift in Sources */ = {isa = PBXBuildFile; fileRef = 9F5ED10827C26E72002404E2 /* Question.swift */; };
		9FCC638629042253001D179F /* Quiz.swift in Sources */ = {isa = PBXBuildFile; fileRef = 9FCC638529042253001D179F /* Quiz.swift */; };
		9FCD4D3127BF7A2800628B16 /* AppDelegate.swift in Sources */ = {isa = PBXBuildFile; fileRef = 9FCD4D3027BF7A2800628B16 /* AppDelegate.swift */; };
		9FCD4D3327BF7A2800628B16 /* SceneDelegate.swift in Sources */ = {isa = PBXBuildFile; fileRef = 9FCD4D3227BF7A2800628B16 /* SceneDelegate.swift */; };
		9FCD4D3527BF7A2800628B16 /* WelcomeViewController.swift in Sources */ = {isa = PBXBuildFile; fileRef = 9FCD4D3427BF7A2800628B16 /* WelcomeViewController.swift */; };
		9FCD4D3827BF7A2800628B16 /* Main.storyboard in Resources */ = {isa = PBXBuildFile; fileRef = 9FCD4D3627BF7A2800628B16 /* Main.storyboard */; };
		9FCD4D3A27BF7A2900628B16 /* Assets.xcassets in Resources */ = {isa = PBXBuildFile; fileRef = 9FCD4D3927BF7A2900628B16 /* Assets.xcassets */; };
		9FCD4D3D27BF7A2900628B16 /* LaunchScreen.storyboard in Resources */ = {isa = PBXBuildFile; fileRef = 9FCD4D3B27BF7A2900628B16 /* LaunchScreen.storyboard */; };
		9FCD4D4527BF7DEB00628B16 /* QuestionsViewController.swift in Sources */ = {isa = PBXBuildFile; fileRef = 9FCD4D4427BF7DEB00628B16 /* QuestionsViewController.swift */; };
		9FCFA59927C28FB40052F556 /* Quiestion+List----Delete.swift in Sources */ = {isa = PBXBuildFile; fileRef = 9FCFA59827C28FB40052F556 /* Quiestion+List----Delete.swift */; };
/* End PBXBuildFile section */

/* Begin PBXFileReference section */
		3CE620FA28F9B03400EE51C4 /* BadgeOrderInfo.swift */ = {isa = PBXFileReference; fileEncoding = 4; lastKnownFileType = sourcecode.swift; path = BadgeOrderInfo.swift; sourceTree = "<group>"; };
		3CE620FC28F9BEF700EE51C4 /* HoleType.swift */ = {isa = PBXFileReference; fileEncoding = 4; lastKnownFileType = sourcecode.swift; path = HoleType.swift; sourceTree = "<group>"; };
		9F5ED0FA27C24086002404E2 /* ResultViewController.swift */ = {isa = PBXFileReference; lastKnownFileType = sourcecode.swift; path = ResultViewController.swift; sourceTree = "<group>"; };
		9F5ED10427C26D9D002404E2 /* ResponseType.swift */ = {isa = PBXFileReference; lastKnownFileType = sourcecode.swift; path = ResponseType.swift; sourceTree = "<group>"; };
		9F5ED10627C26DFE002404E2 /* Answer.swift */ = {isa = PBXFileReference; lastKnownFileType = sourcecode.swift; path = Answer.swift; sourceTree = "<group>"; };
		9F5ED10827C26E72002404E2 /* Question.swift */ = {isa = PBXFileReference; lastKnownFileType = sourcecode.swift; path = Question.swift; sourceTree = "<group>"; };
		9FCC638529042253001D179F /* Quiz.swift */ = {isa = PBXFileReference; lastKnownFileType = sourcecode.swift; path = Quiz.swift; sourceTree = "<group>"; };
		9FCD4D2D27BF7A2800628B16 /* Quiz (UIKit).app */ = {isa = PBXFileReference; explicitFileType = wrapper.application; includeInIndex = 0; path = "Quiz (UIKit).app"; sourceTree = BUILT_PRODUCTS_DIR; };
		9FCD4D3027BF7A2800628B16 /* AppDelegate.swift */ = {isa = PBXFileReference; lastKnownFileType = sourcecode.swift; path = AppDelegate.swift; sourceTree = "<group>"; };
		9FCD4D3227BF7A2800628B16 /* SceneDelegate.swift */ = {isa = PBXFileReference; lastKnownFileType = sourcecode.swift; path = SceneDelegate.swift; sourceTree = "<group>"; };
		9FCD4D3427BF7A2800628B16 /* WelcomeViewController.swift */ = {isa = PBXFileReference; lastKnownFileType = sourcecode.swift; path = WelcomeViewController.swift; sourceTree = "<group>"; };
		9FCD4D3727BF7A2800628B16 /* Base */ = {isa = PBXFileReference; lastKnownFileType = file.storyboard; name = Base; path = Base.lproj/Main.storyboard; sourceTree = "<group>"; };
		9FCD4D3927BF7A2900628B16 /* Assets.xcassets */ = {isa = PBXFileReference; lastKnownFileType = folder.assetcatalog; path = Assets.xcassets; sourceTree = "<group>"; };
		9FCD4D3C27BF7A2900628B16 /* Base */ = {isa = PBXFileReference; lastKnownFileType = file.storyboard; name = Base; path = Base.lproj/LaunchScreen.storyboard; sourceTree = "<group>"; };
		9FCD4D3E27BF7A2900628B16 /* Info.plist */ = {isa = PBXFileReference; lastKnownFileType = text.plist.xml; path = Info.plist; sourceTree = "<group>"; };
		9FCD4D4427BF7DEB00628B16 /* QuestionsViewController.swift */ = {isa = PBXFileReference; lastKnownFileType = sourcecode.swift; path = QuestionsViewController.swift; sourceTree = "<group>"; };
		9FCFA59827C28FB40052F556 /* Quiestion+List----Delete.swift */ = {isa = PBXFileReference; lastKnownFileType = sourcecode.swift; path = "Quiestion+List----Delete.swift"; sourceTree = "<group>"; };
/* End PBXFileReference section */

/* Begin PBXFrameworksBuildPhase section */
		9FCD4D2A27BF7A2800628B16 /* Frameworks */ = {
			isa = PBXFrameworksBuildPhase;
			buildActionMask = 2147483647;
			files = (
			);
			runOnlyForDeploymentPostprocessing = 0;
		};
/* End PBXFrameworksBuildPhase section */

/* Begin PBXGroup section */
		9F5ED0FC27C26930002404E2 /* Views */ = {
			isa = PBXGroup;
			children = (
				9FCD4D3627BF7A2800628B16 /* Main.storyboard */,
				9FCD4D3B27BF7A2900628B16 /* LaunchScreen.storyboard */,
			);
			path = Views;
			sourceTree = "<group>";
		};
		9F5ED0FE27C2697C002404E2 /* App */ = {
			isa = PBXGroup;
			children = (
				9FCD4D3027BF7A2800628B16 /* AppDelegate.swift */,
				9FCD4D3227BF7A2800628B16 /* SceneDelegate.swift */,
				9FCD4D3927BF7A2900628B16 /* Assets.xcassets */,
				9FCD4D3E27BF7A2900628B16 /* Info.plist */,
			);
			path = App;
			sourceTree = "<group>";
		};
		9F5ED0FF27C26B13002404E2 /* Models */ = {
			isa = PBXGroup;
			children = (
				9F5ED10627C26DFE002404E2 /* Answer.swift */,
				3CE620FA28F9B03400EE51C4 /* BadgeOrderInfo.swift */,
				3CE620FC28F9BEF700EE51C4 /* HoleType.swift */,
				9F5ED10827C26E72002404E2 /* Question.swift */,
				9FCC638529042253001D179F /* Quiz.swift */,
				9F5ED10427C26D9D002404E2 /* ResponseType.swift */,
			);
			path = Models;
			sourceTree = "<group>";
		};
		9FCD4D2427BF7A2800628B16 = {
			isa = PBXGroup;
			children = (
				9FCD4D2F27BF7A2800628B16 /* Quiz (UIKit) */,
				9FCD4D2E27BF7A2800628B16 /* Products */,
			);
			sourceTree = "<group>";
		};
		9FCD4D2E27BF7A2800628B16 /* Products */ = {
			isa = PBXGroup;
			children = (
				9FCD4D2D27BF7A2800628B16 /* Quiz (UIKit).app */,
			);
			name = Products;
			sourceTree = "<group>";
		};
		9FCD4D2F27BF7A2800628B16 /* Quiz (UIKit) */ = {
			isa = PBXGroup;
			children = (
				9F5ED0FE27C2697C002404E2 /* App */,
				9FCFA59A27C28FC10052F556 /* Data */,
				9F5ED0FF27C26B13002404E2 /* Models */,
				9FCD4D4627BF7DF600628B16 /* View Controllers */,
				9F5ED0FC27C26930002404E2 /* Views */,
			);
			path = "Quiz (UIKit)";
			sourceTree = "<group>";
		};
		9FCD4D4627BF7DF600628B16 /* View Controllers */ = {
			isa = PBXGroup;
			children = (
				9FCD4D3427BF7A2800628B16 /* WelcomeViewController.swift */,
				9FCD4D4427BF7DEB00628B16 /* QuestionsViewController.swift */,
				9F5ED0FA27C24086002404E2 /* ResultViewController.swift */,
			);
			path = "View Controllers";
			sourceTree = "<group>";
		};
		9FCFA59A27C28FC10052F556 /* Data */ = {
			isa = PBXGroup;
			children = (
				9FCFA59827C28FB40052F556 /* Quiestion+List----Delete.swift */,
			);
			path = Data;
			sourceTree = "<group>";
		};
/* End PBXGroup section */

/* Begin PBXNativeTarget section */
		9FCD4D2C27BF7A2800628B16 /* Quiz (UIKit) */ = {
			isa = PBXNativeTarget;
			buildConfigurationList = 9FCD4D4127BF7A2900628B16 /* Build configuration list for PBXNativeTarget "Quiz (UIKit)" */;
			buildPhases = (
				9FCD4D2927BF7A2800628B16 /* Sources */,
				9FCD4D2A27BF7A2800628B16 /* Frameworks */,
				9FCD4D2B27BF7A2800628B16 /* Resources */,
			);
			buildRules = (
			);
			dependencies = (
			);
			name = "Quiz (UIKit)";
			productName = "Personality Quiz (UIKit)";
			productReference = 9FCD4D2D27BF7A2800628B16 /* Quiz (UIKit).app */;
			productType = "com.apple.product-type.application";
		};
/* End PBXNativeTarget section */

/* Begin PBXProject section */
		9FCD4D2527BF7A2800628B16 /* Project object */ = {
			isa = PBXProject;
			attributes = {
				BuildIndependentTargetsInParallel = 1;
				LastSwiftUpdateCheck = 1320;
				LastUpgradeCheck = 1320;
				TargetAttributes = {
					9FCD4D2C27BF7A2800628B16 = {
						CreatedOnToolsVersion = 13.2.1;
					};
				};
			};
			buildConfigurationList = 9FCD4D2827BF7A2800628B16 /* Build configuration list for PBXProject "Quiz (UIKit)" */;
			compatibilityVersion = "Xcode 13.0";
			developmentRegion = en;
			hasScannedForEncodings = 0;
			knownRegions = (
				en,
				Base,
			);
			mainGroup = 9FCD4D2427BF7A2800628B16;
			productRefGroup = 9FCD4D2E27BF7A2800628B16 /* Products */;
			projectDirPath = "";
			projectRoot = "";
			targets = (
				9FCD4D2C27BF7A2800628B16 /* Quiz (UIKit) */,
			);
		};
/* End PBXProject section */

/* Begin PBXResourcesBuildPhase section */
		9FCD4D2B27BF7A2800628B16 /* Resources */ = {
			isa = PBXResourcesBuildPhase;
			buildActionMask = 2147483647;
			files = (
				9FCD4D3D27BF7A2900628B16 /* LaunchScreen.storyboard in Resources */,
				9FCD4D3A27BF7A2900628B16 /* Assets.xcassets in Resources */,
				9FCD4D3827BF7A2800628B16 /* Main.storyboard in Resources */,
			);
			runOnlyForDeploymentPostprocessing = 0;
		};
/* End PBXResourcesBuildPhase section */

/* Begin PBXSourcesBuildPhase section */
		9FCD4D2927BF7A2800628B16 /* Sources */ = {
			isa = PBXSourcesBuildPhase;
			buildActionMask = 2147483647;
			files = (
				9F5ED0FB27C24086002404E2 /* ResultViewController.swift in Sources */,
				9FCFA59927C28FB40052F556 /* Quiestion+List----Delete.swift in Sources */,
				9FCC638629042253001D179F /* Quiz.swift in Sources */,
				9FCD4D3527BF7A2800628B16 /* WelcomeViewController.swift in Sources */,
				9FCD4D3127BF7A2800628B16 /* AppDelegate.swift in Sources */,
				9F5ED10927C26E72002404E2 /* Question.swift in Sources */,
				9FCD4D4527BF7DEB00628B16 /* QuestionsViewController.swift in Sources */,
				3CE620FB28F9B03400EE51C4 /* BadgeOrderInfo.swift in Sources */,
				3CE620FD28F9BEF700EE51C4 /* HoleType.swift in Sources */,
				9FCD4D3327BF7A2800628B16 /* SceneDelegate.swift in Sources */,
				9F5ED10527C26D9D002404E2 /* ResponseType.swift in Sources */,
				9F5ED10727C26DFE002404E2 /* Answer.swift in Sources */,
			);
			runOnlyForDeploymentPostprocessing = 0;
		};
/* End PBXSourcesBuildPhase section */

/* Begin PBXVariantGroup section */
		9FCD4D3627BF7A2800628B16 /* Main.storyboard */ = {
			isa = PBXVariantGroup;
			children = (
				9FCD4D3727BF7A2800628B16 /* Base */,
			);
			name = Main.storyboard;
			sourceTree = "<group>";
		};
		9FCD4D3B27BF7A2900628B16 /* LaunchScreen.storyboard */ = {
			isa = PBXVariantGroup;
			children = (
				9FCD4D3C27BF7A2900628B16 /* Base */,
			);
			name = LaunchScreen.storyboard;
			sourceTree = "<group>";
		};
/* End PBXVariantGroup section */

/* Begin XCBuildConfiguration section */
		9FCD4D3F27BF7A2900628B16 /* Debug */ = {
			isa = XCBuildConfiguration;
			buildSettings = {
				ALWAYS_SEARCH_USER_PATHS = NO;
				CLANG_ANALYZER_NONNULL = YES;
				CLANG_ANALYZER_NUMBER_OBJECT_CONVERSION = YES_AGGRESSIVE;
				CLANG_CXX_LANGUAGE_STANDARD = "gnu++17";
				CLANG_CXX_LIBRARY = "libc++";
				CLANG_ENABLE_MODULES = YES;
				CLANG_ENABLE_OBJC_ARC = YES;
				CLANG_ENABLE_OBJC_WEAK = YES;
				CLANG_WARN_BLOCK_CAPTURE_AUTORELEASING = YES;
				CLANG_WARN_BOOL_CONVERSION = YES;
				CLANG_WARN_COMMA = YES;
				CLANG_WARN_CONSTANT_CONVERSION = YES;
				CLANG_WARN_DEPRECATED_OBJC_IMPLEMENTATIONS = YES;
				CLANG_WARN_DIRECT_OBJC_ISA_USAGE = YES_ERROR;
				CLANG_WARN_DOCUMENTATION_COMMENTS = YES;
				CLANG_WARN_EMPTY_BODY = YES;
				CLANG_WARN_ENUM_CONVERSION = YES;
				CLANG_WARN_INFINITE_RECURSION = YES;
				CLANG_WARN_INT_CONVERSION = YES;
				CLANG_WARN_NON_LITERAL_NULL_CONVERSION = YES;
				CLANG_WARN_OBJC_IMPLICIT_RETAIN_SELF = YES;
				CLANG_WARN_OBJC_LITERAL_CONVERSION = YES;
				CLANG_WARN_OBJC_ROOT_CLASS = YES_ERROR;
				CLANG_WARN_QUOTED_INCLUDE_IN_FRAMEWORK_HEADER = YES;
				CLANG_WARN_RANGE_LOOP_ANALYSIS = YES;
				CLANG_WARN_STRICT_PROTOTYPES = YES;
				CLANG_WARN_SUSPICIOUS_MOVE = YES;
				CLANG_WARN_UNGUARDED_AVAILABILITY = YES_AGGRESSIVE;
				CLANG_WARN_UNREACHABLE_CODE = YES;
				CLANG_WARN__DUPLICATE_METHOD_MATCH = YES;
				COPY_PHASE_STRIP = NO;
				DEBUG_INFORMATION_FORMAT = dwarf;
				ENABLE_STRICT_OBJC_MSGSEND = YES;
				ENABLE_TESTABILITY = YES;
				GCC_C_LANGUAGE_STANDARD = gnu11;
				GCC_DYNAMIC_NO_PIC = NO;
				GCC_NO_COMMON_BLOCKS = YES;
				GCC_OPTIMIZATION_LEVEL = 0;
				GCC_PREPROCESSOR_DEFINITIONS = (
					"DEBUG=1",
					"$(inherited)",
				);
				GCC_WARN_64_TO_32_BIT_CONVERSION = YES;
				GCC_WARN_ABOUT_RETURN_TYPE = YES_ERROR;
				GCC_WARN_UNDECLARED_SELECTOR = YES;
				GCC_WARN_UNINITIALIZED_AUTOS = YES_AGGRESSIVE;
				GCC_WARN_UNUSED_FUNCTION = YES;
				GCC_WARN_UNUSED_VARIABLE = YES;
				IPHONEOS_DEPLOYMENT_TARGET = 15.2;
				MTL_ENABLE_DEBUG_INFO = INCLUDE_SOURCE;
				MTL_FAST_MATH = YES;
				ONLY_ACTIVE_ARCH = YES;
				SDKROOT = iphoneos;
				SWIFT_ACTIVE_COMPILATION_CONDITIONS = DEBUG;
				SWIFT_OPTIMIZATION_LEVEL = "-Onone";
			};
			name = Debug;
		};
		9FCD4D4027BF7A2900628B16 /* Release */ = {
			isa = XCBuildConfiguration;
			buildSettings = {
				ALWAYS_SEARCH_USER_PATHS = NO;
				CLANG_ANALYZER_NONNULL = YES;
				CLANG_ANALYZER_NUMBER_OBJECT_CONVERSION = YES_AGGRESSIVE;
				CLANG_CXX_LANGUAGE_STANDARD = "gnu++17";
				CLANG_CXX_LIBRARY = "libc++";
				CLANG_ENABLE_MODULES = YES;
				CLANG_ENABLE_OBJC_ARC = YES;
				CLANG_ENABLE_OBJC_WEAK = YES;
				CLANG_WARN_BLOCK_CAPTURE_AUTORELEASING = YES;
				CLANG_WARN_BOOL_CONVERSION = YES;
				CLANG_WARN_COMMA = YES;
				CLANG_WARN_CONSTANT_CONVERSION = YES;
				CLANG_WARN_DEPRECATED_OBJC_IMPLEMENTATIONS = YES;
				CLANG_WARN_DIRECT_OBJC_ISA_USAGE = YES_ERROR;
				CLANG_WARN_DOCUMENTATION_COMMENTS = YES;
				CLANG_WARN_EMPTY_BODY = YES;
				CLANG_WARN_ENUM_CONVERSION = YES;
				CLANG_WARN_INFINITE_RECURSION = YES;
				CLANG_WARN_INT_CONVERSION = YES;
				CLANG_WARN_NON_LITERAL_NULL_CONVERSION = YES;
				CLANG_WARN_OBJC_IMPLICIT_RETAIN_SELF = YES;
				CLANG_WARN_OBJC_LITERAL_CONVERSION = YES;
				CLANG_WARN_OBJC_ROOT_CLASS = YES_ERROR;
				CLANG_WARN_QUOTED_INCLUDE_IN_FRAMEWORK_HEADER = YES;
				CLANG_WARN_RANGE_LOOP_ANALYSIS = YES;
				CLANG_WARN_STRICT_PROTOTYPES = YES;
				CLANG_WARN_SUSPICIOUS_MOVE = YES;
				CLANG_WARN_UNGUARDED_AVAILABILITY = YES_AGGRESSIVE;
				CLANG_WARN_UNREACHABLE_CODE = YES;
				CLANG_WARN__DUPLICATE_METHOD_MATCH = YES;
				COPY_PHASE_STRIP = NO;
				DEBUG_INFORMATION_FORMAT = "dwarf-with-dsym";
				ENABLE_NS_ASSERTIONS = NO;
				ENABLE_STRICT_OBJC_MSGSEND = YES;
				GCC_C_LANGUAGE_STANDARD = gnu11;
				GCC_NO_COMMON_BLOCKS = YES;
				GCC_WARN_64_TO_32_BIT_CONVERSION = YES;
				GCC_WARN_ABOUT_RETURN_TYPE = YES_ERROR;
				GCC_WARN_UNDECLARED_SELECTOR = YES;
				GCC_WARN_UNINITIALIZED_AUTOS = YES_AGGRESSIVE;
				GCC_WARN_UNUSED_FUNCTION = YES;
				GCC_WARN_UNUSED_VARIABLE = YES;
				IPHONEOS_DEPLOYMENT_TARGET = 15.2;
				MTL_ENABLE_DEBUG_INFO = NO;
				MTL_FAST_MATH = YES;
				SDKROOT = iphoneos;
				SWIFT_COMPILATION_MODE = wholemodule;
				SWIFT_OPTIMIZATION_LEVEL = "-O";
				VALIDATE_PRODUCT = YES;
			};
			name = Release;
		};
		9FCD4D4227BF7A2900628B16 /* Debug */ = {
			isa = XCBuildConfiguration;
			buildSettings = {
				ASSETCATALOG_COMPILER_APPICON_NAME = AppIcon;
				ASSETCATALOG_COMPILER_GLOBAL_ACCENT_COLOR_NAME = AccentColor;
				CODE_SIGN_STYLE = Automatic;
				CURRENT_PROJECT_VERSION = 1;
				DEVELOPMENT_TEAM = Z48CPP88QJ;
				GENERATE_INFOPLIST_FILE = YES;
				INFOPLIST_FILE = "Personality Quiz (UIKit)/App/Info.plist";
				INFOPLIST_KEY_UIApplicationSupportsIndirectInputEvents = YES;
				INFOPLIST_KEY_UILaunchStoryboardName = LaunchScreen;
				INFOPLIST_KEY_UIMainStoryboardFile = Main;
				INFOPLIST_KEY_UISupportedInterfaceOrientations_iPad = "UIInterfaceOrientationPortrait UIInterfaceOrientationPortraitUpsideDown UIInterfaceOrientationLandscapeLeft UIInterfaceOrientationLandscapeRight";
				INFOPLIST_KEY_UISupportedInterfaceOrientations_iPhone = "UIInterfaceOrientationPortrait UIInterfaceOrientationLandscapeLeft UIInterfaceOrientationLandscapeRight";
				LD_RUNPATH_SEARCH_PATHS = (
					"$(inherited)",
					"@executable_path/Frameworks",
				);
				MARKETING_VERSION = 1.0;
				PRODUCT_BUNDLE_IDENTIFIER = "Fedor.Boretsky.Personality-Quiz--UIKit-";
				PRODUCT_NAME = "$(TARGET_NAME)";
				SWIFT_EMIT_LOC_STRINGS = YES;
				SWIFT_VERSION = 5.0;
				TARGETED_DEVICE_FAMILY = "1,2";
			};
			name = Debug;
		};
		9FCD4D4327BF7A2900628B16 /* Release */ = {
			isa = XCBuildConfiguration;
			buildSettings = {
				ASSETCATALOG_COMPILER_APPICON_NAME = AppIcon;
				ASSETCATALOG_COMPILER_GLOBAL_ACCENT_COLOR_NAME = AccentColor;
				CODE_SIGN_STYLE = Automatic;
				CURRENT_PROJECT_VERSION = 1;
				DEVELOPMENT_TEAM = Z48CPP88QJ;
				GENERATE_INFOPLIST_FILE = YES;
				INFOPLIST_FILE = "Personality Quiz (UIKit)/App/Info.plist";
				INFOPLIST_KEY_UIApplicationSupportsIndirectInputEvents = YES;
				INFOPLIST_KEY_UILaunchStoryboardName = LaunchScreen;
				INFOPLIST_KEY_UIMainStoryboardFile = Main;
				INFOPLIST_KEY_UISupportedInterfaceOrientations_iPad = "UIInterfaceOrientationPortrait UIInterfaceOrientationPortraitUpsideDown UIInterfaceOrientationLandscapeLeft UIInterfaceOrientationLandscapeRight";
				INFOPLIST_KEY_UISupportedInterfaceOrientations_iPhone = "UIInterfaceOrientationPortrait UIInterfaceOrientationLandscapeLeft UIInterfaceOrientationLandscapeRight";
				LD_RUNPATH_SEARCH_PATHS = (
					"$(inherited)",
					"@executable_path/Frameworks",
				);
				MARKETING_VERSION = 1.0;
				PRODUCT_BUNDLE_IDENTIFIER = "Fedor.Boretsky.Personality-Quiz--UIKit-";
				PRODUCT_NAME = "$(TARGET_NAME)";
				SWIFT_EMIT_LOC_STRINGS = YES;
				SWIFT_VERSION = 5.0;
				TARGETED_DEVICE_FAMILY = "1,2";
			};
			name = Release;
		};
/* End XCBuildConfiguration section */

/* Begin XCConfigurationList section */
		9FCD4D2827BF7A2800628B16 /* Build configuration list for PBXProject "Quiz (UIKit)" */ = {
			isa = XCConfigurationList;
			buildConfigurations = (
				9FCD4D3F27BF7A2900628B16 /* Debug */,
				9FCD4D4027BF7A2900628B16 /* Release */,
			);
			defaultConfigurationIsVisible = 0;
			defaultConfigurationName = Release;
		};
		9FCD4D4127BF7A2900628B16 /* Build configuration list for PBXNativeTarget "Quiz (UIKit)" */ = {
			isa = XCConfigurationList;
			buildConfigurations = (
				9FCD4D4227BF7A2900628B16 /* Debug */,
				9FCD4D4327BF7A2900628B16 /* Release */,
			);
			defaultConfigurationIsVisible = 0;
			defaultConfigurationName = Release;
		};
/* End XCConfigurationList section */
	};
	rootObject = 9FCD4D2527BF7A2800628B16 /* Project object */;
}
